
Microsoft Visual Studio Solution File, Format Version 12.00
# Visual Studio Version 16
VisualStudioVersion = 16.0.30406.217
MinimumVisualStudioVersion = 10.0.40219.1
Project("{FAE04EC0-301F-11D3-BF4B-00C04F79EFBC}") = "impulse-calc-2500", "impulse-calc-2500\impulse-calc-2500.csproj", "{BA025D18-48D1-4F1F-9620-D1D8DCC51898}"
EndProject
Global
	GlobalSection(SolutionConfigurationPlatforms) = preSolution
		Debug|Any CPU = Debug|Any CPU
		Release|Any CPU = Release|Any CPU
	EndGlobalSection
	GlobalSection(ProjectConfigurationPlatforms) = postSolution
		{BA025D18-48D1-4F1F-9620-D1D8DCC51898}.Debug|Any CPU.ActiveCfg = Debug|Any CPU
		{BA025D18-48D1-4F1F-9620-D1D8DCC51898}.Debug|Any CPU.Build.0 = Debug|Any CPU
		{BA025D18-48D1-4F1F-9620-D1D8DCC51898}.Release|Any CPU.ActiveCfg = Release|Any CPU
		{BA025D18-48D1-4F1F-9620-D1D8DCC51898}.Release|Any CPU.Build.0 = Release|Any CPU
	EndGlobalSection
	GlobalSection(SolutionProperties) = preSolution
		HideSolutionNode = FALSE
	EndGlobalSection
	GlobalSection(ExtensibilityGlobals) = postSolution
		SolutionGuid = {9D714629-D42C-433E-AD1E-DDBEC442B356}
	EndGlobalSection
EndGlobal
